
Microsoft Visual Studio Solution File, Format Version 12.00
# Visual Studio Version 16
VisualStudioVersion = 16.0.31005.135
MinimumVisualStudioVersion = 10.0.40219.1
Project("{9A19103F-16F7-4668-BE54-9A1E7A4F7556}") = "Alarm501_Console", "..\Alarm501_Console\Alarm501_Console.csproj", "{FE916582-BF68-42DC-961A-99F4BD5A5D3B}"
EndProject
Project("{FAE04EC0-301F-11D3-BF4B-00C04F79EFBC}") = "Alarm501_GUI", "..\Alarm501_GUI\Alarm501_GUI.csproj", "{69CFA311-30CB-41CD-AD77-12163853870A}"
EndProject
Project("{FAE04EC0-301F-11D3-BF4B-00C04F79EFBC}") = "Alarm501-Library", "Alarm501-Library\Alarm501-Library.csproj", "{1D70C03E-1054-4988-8DA0-792AB3A6C3BA}"
EndProject
Global
	GlobalSection(SolutionConfigurationPlatforms) = preSolution
		Debug|Any CPU = Debug|Any CPU
		Debug|ARM = Debug|ARM
		Debug|ARM64 = Debug|ARM64
		Debug|x64 = Debug|x64
		Debug|x86 = Debug|x86
		Release|Any CPU = Release|Any CPU
		Release|ARM = Release|ARM
		Release|ARM64 = Release|ARM64
		Release|x64 = Release|x64
		Release|x86 = Release|x86
	EndGlobalSection
	GlobalSection(ProjectConfigurationPlatforms) = postSolution
		{FE916582-BF68-42DC-961A-99F4BD5A5D3B}.Debug|Any CPU.ActiveCfg = Debug|Any CPU
		{FE916582-BF68-42DC-961A-99F4BD5A5D3B}.Debug|Any CPU.Build.0 = Debug|Any CPU
		{FE916582-BF68-42DC-961A-99F4BD5A5D3B}.Debug|ARM.ActiveCfg = Debug|Any CPU
		{FE916582-BF68-42DC-961A-99F4BD5A5D3B}.Debug|ARM.Build.0 = Debug|Any CPU
		{FE916582-BF68-42DC-961A-99F4BD5A5D3B}.Debug|ARM64.ActiveCfg = Debug|Any CPU
		{FE916582-BF68-42DC-961A-99F4BD5A5D3B}.Debug|ARM64.Build.0 = Debug|Any CPU
		{FE916582-BF68-42DC-961A-99F4BD5A5D3B}.Debug|x64.ActiveCfg = Debug|Any CPU
		{FE916582-BF68-42DC-961A-99F4BD5A5D3B}.Debug|x64.Build.0 = Debug|Any CPU
		{FE916582-BF68-42DC-961A-99F4BD5A5D3B}.Debug|x86.ActiveCfg = Debug|Any CPU
		{FE916582-BF68-42DC-961A-99F4BD5A5D3B}.Debug|x86.Build.0 = Debug|Any CPU
		{FE916582-BF68-42DC-961A-99F4BD5A5D3B}.Release|Any CPU.ActiveCfg = Release|Any CPU
		{FE916582-BF68-42DC-961A-99F4BD5A5D3B}.Release|Any CPU.Build.0 = Release|Any CPU
		{FE916582-BF68-42DC-961A-99F4BD5A5D3B}.Release|ARM.ActiveCfg = Release|Any CPU
		{FE916582-BF68-42DC-961A-99F4BD5A5D3B}.Release|ARM.Build.0 = Release|Any CPU
		{FE916582-BF68-42DC-961A-99F4BD5A5D3B}.Release|ARM64.ActiveCfg = Release|Any CPU
		{FE916582-BF68-42DC-961A-99F4BD5A5D3B}.Release|ARM64.Build.0 = Release|Any CPU
		{FE916582-BF68-42DC-961A-99F4BD5A5D3B}.Release|x64.ActiveCfg = Release|Any CPU
		{FE916582-BF68-42DC-961A-99F4BD5A5D3B}.Release|x64.Build.0 = Release|Any CPU
		{FE916582-BF68-42DC-961A-99F4BD5A5D3B}.Release|x86.ActiveCfg = Release|Any CPU
		{FE916582-BF68-42DC-961A-99F4BD5A5D3B}.Release|x86.Build.0 = Release|Any CPU
		{69CFA311-30CB-41CD-AD77-12163853870A}.Debug|Any CPU.ActiveCfg = Debug|Any CPU
		{69CFA311-30CB-41CD-AD77-12163853870A}.Debug|Any CPU.Build.0 = Debug|Any CPU
		{69CFA311-30CB-41CD-AD77-12163853870A}.Debug|ARM.ActiveCfg = Debug|Any CPU
		{69CFA311-30CB-41CD-AD77-12163853870A}.Debug|ARM.Build.0 = Debug|Any CPU
		{69CFA311-30CB-41CD-AD77-12163853870A}.Debug|ARM64.ActiveCfg = Debug|Any CPU
		{69CFA311-30CB-41CD-AD77-12163853870A}.Debug|ARM64.Build.0 = Debug|Any CPU
		{69CFA311-30CB-41CD-AD77-12163853870A}.Debug|x64.ActiveCfg = Debug|Any CPU
		{69CFA311-30CB-41CD-AD77-12163853870A}.Debug|x64.Build.0 = Debug|Any CPU
		{69CFA311-30CB-41CD-AD77-12163853870A}.Debug|x86.ActiveCfg = Debug|Any CPU
		{69CFA311-30CB-41CD-AD77-12163853870A}.Debug|x86.Build.0 = Debug|Any CPU
		{69CFA311-30CB-41CD-AD77-12163853870A}.Release|Any CPU.ActiveCfg = Release|Any CPU
		{69CFA311-30CB-41CD-AD77-12163853870A}.Release|Any CPU.Build.0 = Release|Any CPU
		{69CFA311-30CB-41CD-AD77-12163853870A}.Release|ARM.ActiveCfg = Release|Any CPU
		{69CFA311-30CB-41CD-AD77-12163853870A}.Release|ARM.Build.0 = Release|Any CPU
		{69CFA311-30CB-41CD-AD77-12163853870A}.Release|ARM64.ActiveCfg = Release|Any CPU
		{69CFA311-30CB-41CD-AD77-12163853870A}.Release|ARM64.Build.0 = Release|Any CPU
		{69CFA311-30CB-41CD-AD77-12163853870A}.Release|x64.ActiveCfg = Release|Any CPU
		{69CFA311-30CB-41CD-AD77-12163853870A}.Release|x64.Build.0 = Release|Any CPU
		{69CFA311-30CB-41CD-AD77-12163853870A}.Release|x86.ActiveCfg = Release|Any CPU
		{69CFA311-30CB-41CD-AD77-12163853870A}.Release|x86.Build.0 = Release|Any CPU
		{1D70C03E-1054-4988-8DA0-792AB3A6C3BA}.Debug|Any CPU.ActiveCfg = Debug|Any CPU
		{1D70C03E-1054-4988-8DA0-792AB3A6C3BA}.Debug|Any CPU.Build.0 = Debug|Any CPU
		{1D70C03E-1054-4988-8DA0-792AB3A6C3BA}.Debug|ARM.ActiveCfg = Debug|Any CPU
		{1D70C03E-1054-4988-8DA0-792AB3A6C3BA}.Debug|ARM.Build.0 = Debug|Any CPU
		{1D70C03E-1054-4988-8DA0-792AB3A6C3BA}.Debug|ARM64.ActiveCfg = Debug|Any CPU
		{1D70C03E-1054-4988-8DA0-792AB3A6C3BA}.Debug|ARM64.Build.0 = Debug|Any CPU
		{1D70C03E-1054-4988-8DA0-792AB3A6C3BA}.Debug|x64.ActiveCfg = Debug|Any CPU
		{1D70C03E-1054-4988-8DA0-792AB3A6C3BA}.Debug|x64.Build.0 = Debug|Any CPU
		{1D70C03E-1054-4988-8DA0-792AB3A6C3BA}.Debug|x86.ActiveCfg = Debug|Any CPU
		{1D70C03E-1054-4988-8DA0-792AB3A6C3BA}.Debug|x86.Build.0 = Debug|Any CPU
		{1D70C03E-1054-4988-8DA0-792AB3A6C3BA}.Release|Any CPU.ActiveCfg = Release|Any CPU
		{1D70C03E-1054-4988-8DA0-792AB3A6C3BA}.Release|Any CPU.Build.0 = Release|Any CPU
		{1D70C03E-1054-4988-8DA0-792AB3A6C3BA}.Release|ARM.ActiveCfg = Release|Any CPU
		{1D70C03E-1054-4988-8DA0-792AB3A6C3BA}.Release|ARM.Build.0 = Release|Any CPU
		{1D70C03E-1054-4988-8DA0-792AB3A6C3BA}.Release|ARM64.ActiveCfg = Release|Any CPU
		{1D70C03E-1054-4988-8DA0-792AB3A6C3BA}.Release|ARM64.Build.0 = Release|Any CPU
		{1D70C03E-1054-4988-8DA0-792AB3A6C3BA}.Release|x64.ActiveCfg = Release|Any CPU
		{1D70C03E-1054-4988-8DA0-792AB3A6C3BA}.Release|x64.Build.0 = Release|Any CPU
		{1D70C03E-1054-4988-8DA0-792AB3A6C3BA}.Release|x86.ActiveCfg = Release|Any CPU
		{1D70C03E-1054-4988-8DA0-792AB3A6C3BA}.Release|x86.Build.0 = Release|Any CPU
	EndGlobalSection
	GlobalSection(SolutionProperties) = preSolution
		HideSolutionNode = FALSE
	EndGlobalSection
	GlobalSection(ExtensibilityGlobals) = postSolution
		SolutionGuid = {978E6615-7917-4F23-8F4B-9C8F31BDBFEE}
	EndGlobalSection
EndGlobal
